
Microsoft Visual Studio Solution File, Format Version 12.00
Project("{FAE04EC0-301F-11D3-BF4B-00C04F79EFBC}") = "Mikan", "Mikan\Mikan.csproj", "{2C5944C2-DC8B-42A3-9C0A-4BC0A9ABB024}"
EndProject
Global
	GlobalSection(SolutionConfigurationPlatforms) = preSolution
		Debug|Any CPU = Debug|Any CPU
		Release|Any CPU = Release|Any CPU
	EndGlobalSection
	GlobalSection(ProjectConfigurationPlatforms) = postSolution
		{2C5944C2-DC8B-42A3-9C0A-4BC0A9ABB024}.Debug|Any CPU.ActiveCfg = Debug|Any CPU
		{2C5944C2-DC8B-42A3-9C0A-4BC0A9ABB024}.Debug|Any CPU.Build.0 = Debug|Any CPU
		{2C5944C2-DC8B-42A3-9C0A-4BC0A9ABB024}.Release|Any CPU.ActiveCfg = Release|Any CPU
		{2C5944C2-DC8B-42A3-9C0A-4BC0A9ABB024}.Release|Any CPU.Build.0 = Release|Any CPU
	EndGlobalSection
EndGlobal
